
Microsoft Visual Studio Solution File, Format Version 12.00
# Visual Studio Version 17
VisualStudioVersion = 17.5.002.0
MinimumVisualStudioVersion = 10.0.40219.1
Project("{9A19103F-16F7-4668-BE54-9A1E7A4F7556}") = "NewsAggregator", "NewsAggregator\NewsAggregator.csproj", "{99B42EC5-6CCB-4C9D-B1B1-5369E252A32C}"
EndProject
Global
	GlobalSection(SolutionConfigurationPlatforms) = preSolution
		Debug|Any CPU = Debug|Any CPU
		Release|Any CPU = Release|Any CPU
	EndGlobalSection
	GlobalSection(ProjectConfigurationPlatforms) = postSolution
		{99B42EC5-6CCB-4C9D-B1B1-5369E252A32C}.Debug|Any CPU.ActiveCfg = Debug|Any CPU
		{99B42EC5-6CCB-4C9D-B1B1-5369E252A32C}.Debug|Any CPU.Build.0 = Debug|Any CPU
		{99B42EC5-6CCB-4C9D-B1B1-5369E252A32C}.Release|Any CPU.ActiveCfg = Release|Any CPU
		{99B42EC5-6CCB-4C9D-B1B1-5369E252A32C}.Release|Any CPU.Build.0 = Release|Any CPU
	EndGlobalSection
	GlobalSection(SolutionProperties) = preSolution
		HideSolutionNode = FALSE
	EndGlobalSection
	GlobalSection(ExtensibilityGlobals) = postSolution
		SolutionGuid = {4B209827-6AD2-464A-88D5-20FBE958F9EC}
	EndGlobalSection
EndGlobal
